
Microsoft Visual Studio Solution File, Format Version 12.00
# Visual Studio Version 16
VisualStudioVersion = 16.0.808.4
MinimumVisualStudioVersion = 10.0.40219.1
Project("{FAE04EC0-301F-11D3-BF4B-00C04F79EFBC}") = "PoleProject", "PoleProject\PoleProject.csproj", "{4A5DE2C7-D793-462E-862A-34BCE63DC29F}"
EndProject
Global
	GlobalSection(SolutionConfigurationPlatforms) = preSolution
		Debug|anycpu = Debug|anycpu
		Release|anycpu = Release|anycpu
	EndGlobalSection
	GlobalSection(ProjectConfigurationPlatforms) = postSolution
		{4A5DE2C7-D793-462E-862A-34BCE63DC29F}.Debug|anycpu.ActiveCfg = Debug|anycpu
		{4A5DE2C7-D793-462E-862A-34BCE63DC29F}.Debug|anycpu.Build.0 = Debug|anycpu
		{4A5DE2C7-D793-462E-862A-34BCE63DC29F}.Release|anycpu.ActiveCfg = Release|anycpu
		{4A5DE2C7-D793-462E-862A-34BCE63DC29F}.Release|anycpu.Build.0 = Release|anycpu
	EndGlobalSection
	GlobalSection(SolutionProperties) = preSolution
		HideSolutionNode = FALSE
	EndGlobalSection
	GlobalSection(ExtensibilityGlobals) = postSolution
		SolutionGuid = {2FF8D155-4E76-40F7-94EF-186BA5128705}
	EndGlobalSection
EndGlobal
